{
  "name": "okilum-inbox-web",
  "lockfileVersion": 3,
  "requires": true,
  "packages": {
    "": {
      "name": "okilum-inbox-web",
      "devDependencies": {
        "fake-indexeddb": "6.2.4",
        "playwright-core": "1.58.2"
      }
    },
    "node_modules/fake-indexeddb": {
      "version": "6.2.4",
      "resolved": "https://registry.npmjs.org/fake-indexeddb/-/fake-indexeddb-6.2.4.tgz",
      "integrity": "sha512-INKeIKEtSViN4yVtEWEUqbsqmaIy7Ls+MfU0yxQVXg67pOJ/sH1ZxcVrP8XrKULUFohcPD9gnmym+qBfEybACw==",
      "dev": true,
      "license": "Apache-2.0",
      "engines": {
        "node": ">=18"
      }
    },
    "node_modules/playwright-core": {
      "version": "1.58.2",
      "resolved": "https://registry.npmjs.org/playwright-core/-/playwright-core-1.58.2.tgz",
      "integrity": "sha512-yZkEtftgwS8CsfYo7nm0KE8jsvm6i/PTgVtB8DL726wNf6H2IMsDuxCpJj59KDaxCtSnrWan2AeDqM7JBaultg==",
      "dev": true,
      "license": "Apache-2.0",
      "bin": {
        "playwright-core": "cli.js"
      },
      "engines": {
        "node": ">=18"
      }
    }
  }
}
